
Microsoft Visual Studio Solution File, Format Version 12.00
# Visual Studio Version 16
VisualStudioVersion = 16.0.32228.343
MinimumVisualStudioVersion = 10.0.40219.1
Project("{9A19103F-16F7-4668-BE54-9A1E7A4F7556}") = "Shop.Admin", "Shop.Admin\Shop.Admin.csproj", "{64D52A4F-D496-4A01-8D5A-33FEDDED5581}"
EndProject
Project("{9A19103F-16F7-4668-BE54-9A1E7A4F7556}") = "Shop.Web", "Shop.Web\Shop.Web.csproj", "{39446C65-B1D8-490A-B524-479B1F5C9CD6}"
EndProject
Project("{9A19103F-16F7-4668-BE54-9A1E7A4F7556}") = "Shop.Api", "Shop.Api\Shop.Api.csproj", "{C91C3751-A2C0-4123-A059-B6C8BBA0DF6C}"
EndProject
Project("{9A19103F-16F7-4668-BE54-9A1E7A4F7556}") = "Shop.Logic", "Shop.Logic\Shop.Logic.csproj", "{78CE774E-4E13-4300-883B-434362598C10}"
EndProject
Project("{9A19103F-16F7-4668-BE54-9A1E7A4F7556}") = "Shop.Model", "Shop.Model\Shop.Model.csproj", "{9F3A39C0-6645-488D-9DDB-9430281D2021}"
EndProject
Global
	GlobalSection(SolutionConfigurationPlatforms) = preSolution
		Debug|Any CPU = Debug|Any CPU
		Release|Any CPU = Release|Any CPU
	EndGlobalSection
	GlobalSection(ProjectConfigurationPlatforms) = postSolution
		{64D52A4F-D496-4A01-8D5A-33FEDDED5581}.Debug|Any CPU.ActiveCfg = Debug|Any CPU
		{64D52A4F-D496-4A01-8D5A-33FEDDED5581}.Debug|Any CPU.Build.0 = Debug|Any CPU
		{64D52A4F-D496-4A01-8D5A-33FEDDED5581}.Release|Any CPU.ActiveCfg = Release|Any CPU
		{64D52A4F-D496-4A01-8D5A-33FEDDED5581}.Release|Any CPU.Build.0 = Release|Any CPU
		{39446C65-B1D8-490A-B524-479B1F5C9CD6}.Debug|Any CPU.ActiveCfg = Debug|Any CPU
		{39446C65-B1D8-490A-B524-479B1F5C9CD6}.Debug|Any CPU.Build.0 = Debug|Any CPU
		{39446C65-B1D8-490A-B524-479B1F5C9CD6}.Release|Any CPU.ActiveCfg = Release|Any CPU
		{39446C65-B1D8-490A-B524-479B1F5C9CD6}.Release|Any CPU.Build.0 = Release|Any CPU
		{C91C3751-A2C0-4123-A059-B6C8BBA0DF6C}.Debug|Any CPU.ActiveCfg = Debug|Any CPU
		{C91C3751-A2C0-4123-A059-B6C8BBA0DF6C}.Debug|Any CPU.Build.0 = Debug|Any CPU
		{C91C3751-A2C0-4123-A059-B6C8BBA0DF6C}.Release|Any CPU.ActiveCfg = Release|Any CPU
		{C91C3751-A2C0-4123-A059-B6C8BBA0DF6C}.Release|Any CPU.Build.0 = Release|Any CPU
		{78CE774E-4E13-4300-883B-434362598C10}.Debug|Any CPU.ActiveCfg = Debug|Any CPU
		{78CE774E-4E13-4300-883B-434362598C10}.Debug|Any CPU.Build.0 = Debug|Any CPU
		{78CE774E-4E13-4300-883B-434362598C10}.Release|Any CPU.ActiveCfg = Release|Any CPU
		{78CE774E-4E13-4300-883B-434362598C10}.Release|Any CPU.Build.0 = Release|Any CPU
		{9F3A39C0-6645-488D-9DDB-9430281D2021}.Debug|Any CPU.ActiveCfg = Debug|Any CPU
		{9F3A39C0-6645-488D-9DDB-9430281D2021}.Debug|Any CPU.Build.0 = Debug|Any CPU
		{9F3A39C0-6645-488D-9DDB-9430281D2021}.Release|Any CPU.ActiveCfg = Release|Any CPU
		{9F3A39C0-6645-488D-9DDB-9430281D2021}.Release|Any CPU.Build.0 = Release|Any CPU
	EndGlobalSection
	GlobalSection(SolutionProperties) = preSolution
		HideSolutionNode = FALSE
	EndGlobalSection
	GlobalSection(ExtensibilityGlobals) = postSolution
		SolutionGuid = {0CDBE056-F065-4AEB-B312-83B6C51CDABE}
	EndGlobalSection
EndGlobal
